
Microsoft Visual Studio Solution File, Format Version 12.00
# Visual Studio Version 17
VisualStudioVersion = 17.7.34018.315
MinimumVisualStudioVersion = 10.0.40219.1
Project("{8BC9CEB8-8B4A-11D0-8D11-00A0C91BC942}") = "Zaxxon", "Zaxxon\Zaxxon.vcxproj", "{EAC7E092-F045-4974-86B8-D58E6D3138A5}"
EndProject
Global
	GlobalSection(SolutionConfigurationPlatforms) = preSolution
		Debug|x64 = Debug|x64
		Debug|x86 = Debug|x86
		Release|x64 = Release|x64
		Release|x86 = Release|x86
	EndGlobalSection
	GlobalSection(ProjectConfigurationPlatforms) = postSolution
		{EAC7E092-F045-4974-86B8-D58E6D3138A5}.Debug|x64.ActiveCfg = Debug|x64
		{EAC7E092-F045-4974-86B8-D58E6D3138A5}.Debug|x64.Build.0 = Debug|x64
		{EAC7E092-F045-4974-86B8-D58E6D3138A5}.Debug|x86.ActiveCfg = Debug|Win32
		{EAC7E092-F045-4974-86B8-D58E6D3138A5}.Debug|x86.Build.0 = Debug|Win32
		{EAC7E092-F045-4974-86B8-D58E6D3138A5}.Release|x64.ActiveCfg = Release|x64
		{EAC7E092-F045-4974-86B8-D58E6D3138A5}.Release|x64.Build.0 = Release|x64
		{EAC7E092-F045-4974-86B8-D58E6D3138A5}.Release|x86.ActiveCfg = Release|Win32
		{EAC7E092-F045-4974-86B8-D58E6D3138A5}.Release|x86.Build.0 = Release|Win32
	EndGlobalSection
	GlobalSection(SolutionProperties) = preSolution
		HideSolutionNode = FALSE
	EndGlobalSection
	GlobalSection(ExtensibilityGlobals) = postSolution
		SolutionGuid = {D5F3E15A-7298-4E3C-8098-BBCEC5FDA7F9}
	EndGlobalSection
EndGlobal
